
Microsoft Visual Studio Solution File, Format Version 12.00
# Visual Studio 14
VisualStudioVersion = 14.0.25420.1
MinimumVisualStudioVersion = 10.0.40219.1
Project("{DA7A21FA-8162-4350-AD77-A8D1B671F3ED}") = "exemple1", "exemple1\exemple1.rxproj", "{7B54EDE4-323E-42C4-A559-C553ED3C0A6A}"
EndProject
Global
	GlobalSection(SolutionConfigurationPlatforms) = preSolution
		Debug|Any CPU = Debug|Any CPU
		Release|Any CPU = Release|Any CPU
	EndGlobalSection
	GlobalSection(ProjectConfigurationPlatforms) = postSolution
		{7B54EDE4-323E-42C4-A559-C553ED3C0A6A}.Debug|Any CPU.ActiveCfg = Debug|Any CPU
		{7B54EDE4-323E-42C4-A559-C553ED3C0A6A}.Debug|Any CPU.Build.0 = Debug|Any CPU
		{7B54EDE4-323E-42C4-A559-C553ED3C0A6A}.Release|Any CPU.ActiveCfg = Release|Any CPU
		{7B54EDE4-323E-42C4-A559-C553ED3C0A6A}.Release|Any CPU.Build.0 = Release|Any CPU
	EndGlobalSection
	GlobalSection(SolutionProperties) = preSolution
		HideSolutionNode = FALSE
	EndGlobalSection
EndGlobal
